
Microsoft Visual Studio Solution File, Format Version 12.00
# Visual Studio Version 17
VisualStudioVersion = 17.4.33020.496
MinimumVisualStudioVersion = 10.0.40219.1
Project("{FAE04EC0-301F-11D3-BF4B-00C04F79EFBC}") = "PresPio", "PresPio.csproj", "{8D5F375F-C9F7-40EE-B02B-6C3DB3FC69C0}"
EndProject
Global
	GlobalSection(SolutionConfigurationPlatforms) = preSolution
		Debug|Any CPU = Debug|Any CPU
		Release|Any CPU = Release|Any CPU
	EndGlobalSection
	GlobalSection(ProjectConfigurationPlatforms) = postSolution
		{8D5F375F-C9F7-40EE-B02B-6C3DB3FC69C0}.Debug|Any CPU.ActiveCfg = Debug|Any CPU
		{8D5F375F-C9F7-40EE-B02B-6C3DB3FC69C0}.Debug|Any CPU.Build.0 = Debug|Any CPU
		{8D5F375F-C9F7-40EE-B02B-6C3DB3FC69C0}.Release|Any CPU.ActiveCfg = Release|Any CPU
		{8D5F375F-C9F7-40EE-B02B-6C3DB3FC69C0}.Release|Any CPU.Build.0 = Release|Any CPU
	EndGlobalSection
	GlobalSection(SolutionProperties) = preSolution
		HideSolutionNode = FALSE
	EndGlobalSection
	GlobalSection(ExtensibilityGlobals) = postSolution
		SolutionGuid = {BA6138FF-B82D-4505-BF06-920A3F532260}
	EndGlobalSection
EndGlobal
